
Microsoft Visual Studio Solution File, Format Version 12.00
# Visual Studio 15
VisualStudioVersion = 15.0.28307.902
MinimumVisualStudioVersion = 10.0.40219.1
Project("{FAE04EC0-301F-11D3-BF4B-00C04F79EFBC}") = "HouseManagement", "HouseManagement\HouseManagement.csproj", "{553786BC-D75C-4583-8B03-7C734F7FCFFB}"
EndProject
Global
	GlobalSection(SolutionConfigurationPlatforms) = preSolution
		Debug|Any CPU = Debug|Any CPU
		Release|Any CPU = Release|Any CPU
	EndGlobalSection
	GlobalSection(ProjectConfigurationPlatforms) = postSolution
		{553786BC-D75C-4583-8B03-7C734F7FCFFB}.Debug|Any CPU.ActiveCfg = Debug|Any CPU
		{553786BC-D75C-4583-8B03-7C734F7FCFFB}.Debug|Any CPU.Build.0 = Debug|Any CPU
		{553786BC-D75C-4583-8B03-7C734F7FCFFB}.Release|Any CPU.ActiveCfg = Release|Any CPU
		{553786BC-D75C-4583-8B03-7C734F7FCFFB}.Release|Any CPU.Build.0 = Release|Any CPU
	EndGlobalSection
	GlobalSection(SolutionProperties) = preSolution
		HideSolutionNode = FALSE
	EndGlobalSection
	GlobalSection(ExtensibilityGlobals) = postSolution
		SolutionGuid = {EA233D86-988C-4671-A831-DFE17E720717}
	EndGlobalSection
EndGlobal
